// !$*UTF8*$!
{
	archiveVersion = 1;
	classes = {
	};
	objectVersion = 50;
	objects = {

/* Begin PBXBuildFile section */
		B469982321104CE1006A69E9 /* AppDelegate.m in Sources */ = {isa = PBXBuildFile; fileRef = B469982221104CE1006A69E9 /* AppDelegate.m */; };
		B469982621104CE1006A69E9 /* ViewController.m in Sources */ = {isa = PBXBuildFile; fileRef = B469982521104CE1006A69E9 /* ViewController.m */; };
		B469982921104CE1006A69E9 /* Main.storyboard in Resources */ = {isa = PBXBuildFile; fileRef = B469982721104CE1006A69E9 /* Main.storyboard */; };
		B469982B21104CEA006A69E9 /* Assets.xcassets in Resources */ = {isa = PBXBuildFile; fileRef = B469982A21104CEA006A69E9 /* Assets.xcassets */; };
		B469982E21104CEA006A69E9 /* LaunchScreen.storyboard in Resources */ = {isa = PBXBuildFile; fileRef = B469982C21104CEA006A69E9 /* LaunchScreen.storyboard */; };
		B469983121104CEA006A69E9 /* main.m in Sources */ = {isa = PBXBuildFile; fileRef = B469983021104CEA006A69E9 /* main.m */; };
		B469983B21104CEA006A69E9 /* WuLiuTests.m in Sources */ = {isa = PBXBuildFile; fileRef = B469983A21104CEA006A69E9 /* WuLiuTests.m */; };
		B469984621104CEA006A69E9 /* WuLiuUITests.m in Sources */ = {isa = PBXBuildFile; fileRef = B469984521104CEA006A69E9 /* WuLiuUITests.m */; };
		B469985521104EDC006A69E9 /* data.json in Resources */ = {isa = PBXBuildFile; fileRef = B469985421104EDC006A69E9 /* data.json */; };
		B469985B21104FAA006A69E9 /* WuliuModel.m in Sources */ = {isa = PBXBuildFile; fileRef = B469985A21104FAA006A69E9 /* WuliuModel.m */; };
		B469985E211057CB006A69E9 /* WuliuCell.m in Sources */ = {isa = PBXBuildFile; fileRef = B469985D211057CB006A69E9 /* WuliuCell.m */; };
		B469986121105F2F006A69E9 /* UIView+Frame.m in Sources */ = {isa = PBXBuildFile; fileRef = B469986021105F2F006A69E9 /* UIView+Frame.m */; };
		B469989721118789006A69E9 /* YYTextContainerView.m in Sources */ = {isa = PBXBuildFile; fileRef = B469986521118788006A69E9 /* YYTextContainerView.m */; };
		B469989821118789006A69E9 /* YYTextDebugOption.m in Sources */ = {isa = PBXBuildFile; fileRef = B469986721118788006A69E9 /* YYTextDebugOption.m */; };
		B469989921118789006A69E9 /* YYTextEffectWindow.m in Sources */ = {isa = PBXBuildFile; fileRef = B469986921118788006A69E9 /* YYTextEffectWindow.m */; };
		B469989A21118789006A69E9 /* YYTextInput.m in Sources */ = {isa = PBXBuildFile; fileRef = B469986B21118788006A69E9 /* YYTextInput.m */; };
		B469989B21118789006A69E9 /* YYTextKeyboardManager.m in Sources */ = {isa = PBXBuildFile; fileRef = B469986D21118788006A69E9 /* YYTextKeyboardManager.m */; };
		B469989C21118789006A69E9 /* YYTextLayout.m in Sources */ = {isa = PBXBuildFile; fileRef = B469986F21118788006A69E9 /* YYTextLayout.m */; };
		B469989D21118789006A69E9 /* YYTextLine.m in Sources */ = {isa = PBXBuildFile; fileRef = B469987121118788006A69E9 /* YYTextLine.m */; };
		B469989E21118789006A69E9 /* YYTextMagnifier.m in Sources */ = {isa = PBXBuildFile; fileRef = B469987321118788006A69E9 /* YYTextMagnifier.m */; };
		B469989F21118789006A69E9 /* YYTextSelectionView.m in Sources */ = {isa = PBXBuildFile; fileRef = B469987521118788006A69E9 /* YYTextSelectionView.m */; };
		B46998A021118789006A69E9 /* YYTextArchiver.m in Sources */ = {isa = PBXBuildFile; fileRef = B469987821118788006A69E9 /* YYTextArchiver.m */; };
		B46998A121118789006A69E9 /* YYTextAttribute.m in Sources */ = {isa = PBXBuildFile; fileRef = B469987A21118788006A69E9 /* YYTextAttribute.m */; };
		B46998A221118789006A69E9 /* YYTextParser.m in Sources */ = {isa = PBXBuildFile; fileRef = B469987C21118788006A69E9 /* YYTextParser.m */; };
		B46998A321118789006A69E9 /* YYTextRubyAnnotation.m in Sources */ = {isa = PBXBuildFile; fileRef = B469987E21118788006A69E9 /* YYTextRubyAnnotation.m */; };
		B46998A421118789006A69E9 /* YYTextRunDelegate.m in Sources */ = {isa = PBXBuildFile; fileRef = B469988021118788006A69E9 /* YYTextRunDelegate.m */; };
		B46998A521118789006A69E9 /* NSAttributedString+YYText.m in Sources */ = {isa = PBXBuildFile; fileRef = B469988321118788006A69E9 /* NSAttributedString+YYText.m */; };
		B46998A621118789006A69E9 /* NSParagraphStyle+YYText.m in Sources */ = {isa = PBXBuildFile; fileRef = B469988521118788006A69E9 /* NSParagraphStyle+YYText.m */; };
		B46998A721118789006A69E9 /* UIPasteboard+YYText.m in Sources */ = {isa = PBXBuildFile; fileRef = B469988721118788006A69E9 /* UIPasteboard+YYText.m */; };
		B46998A821118789006A69E9 /* UIView+YYText.m in Sources */ = {isa = PBXBuildFile; fileRef = B469988921118788006A69E9 /* UIView+YYText.m */; };
		B46998A921118789006A69E9 /* YYTextAsyncLayer.m in Sources */ = {isa = PBXBuildFile; fileRef = B469988B21118788006A69E9 /* YYTextAsyncLayer.m */; };
		B46998AA21118789006A69E9 /* YYTextTransaction.m in Sources */ = {isa = PBXBuildFile; fileRef = B469988D21118788006A69E9 /* YYTextTransaction.m */; };
		B46998AB21118789006A69E9 /* YYTextUtilities.m in Sources */ = {isa = PBXBuildFile; fileRef = B469988F21118788006A69E9 /* YYTextUtilities.m */; };
		B46998AC21118789006A69E9 /* YYTextWeakProxy.m in Sources */ = {isa = PBXBuildFile; fileRef = B469989121118788006A69E9 /* YYTextWeakProxy.m */; };
		B46998AD21118789006A69E9 /* YYLabel.m in Sources */ = {isa = PBXBuildFile; fileRef = B469989321118788006A69E9 /* YYLabel.m */; };
		B46998AE21118789006A69E9 /* YYTextView.m in Sources */ = {isa = PBXBuildFile; fileRef = B469989621118788006A69E9 /* YYTextView.m */; };
/* End PBXBuildFile section */

/* Begin PBXContainerItemProxy section */
		B469983721104CEA006A69E9 /* PBXContainerItemProxy */ = {
			isa = PBXContainerItemProxy;
			containerPortal = B469981621104CE1006A69E9 /* Project object */;
			proxyType = 1;
			remoteGlobalIDString = B469981D21104CE1006A69E9;
			remoteInfo = WuLiu;
		};
		B469984221104CEA006A69E9 /* PBXContainerItemProxy */ = {
			isa = PBXContainerItemProxy;
			containerPortal = B469981621104CE1006A69E9 /* Project object */;
			proxyType = 1;
			remoteGlobalIDString = B469981D21104CE1006A69E9;
			remoteInfo = WuLiu;
		};
/* End PBXContainerItemProxy section */

/* Begin PBXFileReference section */
		B469981E21104CE1006A69E9 /* WuLiu.app */ = {isa = PBXFileReference; explicitFileType = wrapper.application; includeInIndex = 0; path = WuLiu.app; sourceTree = BUILT_PRODUCTS_DIR; };
		B469982121104CE1006A69E9 /* AppDelegate.h */ = {isa = PBXFileReference; lastKnownFileType = sourcecode.c.h; path = AppDelegate.h; sourceTree = "<group>"; };
		B469982221104CE1006A69E9 /* AppDelegate.m */ = {isa = PBXFileReference; lastKnownFileType = sourcecode.c.objc; path = AppDelegate.m; sourceTree = "<group>"; };
		B469982421104CE1006A69E9 /* ViewController.h */ = {isa = PBXFileReference; lastKnownFileType = sourcecode.c.h; path = ViewController.h; sourceTree = "<group>"; };
		B469982521104CE1006A69E9 /* ViewController.m */ = {isa = PBXFileReference; lastKnownFileType = sourcecode.c.objc; path = ViewController.m; sourceTree = "<group>"; };
		B469982821104CE1006A69E9 /* Base */ = {isa = PBXFileReference; lastKnownFileType = file.storyboard; name = Base; path = Base.lproj/Main.storyboard; sourceTree = "<group>"; };
		B469982A21104CEA006A69E9 /* Assets.xcassets */ = {isa = PBXFileReference; lastKnownFileType = folder.assetcatalog; path = Assets.xcassets; sourceTree = "<group>"; };
		B469982D21104CEA006A69E9 /* Base */ = {isa = PBXFileReference; lastKnownFileType = file.storyboard; name = Base; path = Base.lproj/LaunchScreen.storyboard; sourceTree = "<group>"; };
		B469982F21104CEA006A69E9 /* Info.plist */ = {isa = PBXFileReference; lastKnownFileType = text.plist.xml; path = Info.plist; sourceTree = "<group>"; };
		B469983021104CEA006A69E9 /* main.m */ = {isa = PBXFileReference; lastKnownFileType = sourcecode.c.objc; path = main.m; sourceTree = "<group>"; };
		B469983621104CEA006A69E9 /* WuLiuTests.xctest */ = {isa = PBXFileReference; explicitFileType = wrapper.cfbundle; includeInIndex = 0; path = WuLiuTests.xctest; sourceTree = BUILT_PRODUCTS_DIR; };
		B469983A21104CEA006A69E9 /* WuLiuTests.m */ = {isa = PBXFileReference; lastKnownFileType = sourcecode.c.objc; path = WuLiuTests.m; sourceTree = "<group>"; };
		B469983C21104CEA006A69E9 /* Info.plist */ = {isa = PBXFileReference; lastKnownFileType = text.plist.xml; path = Info.plist; sourceTree = "<group>"; };
		B469984121104CEA006A69E9 /* WuLiuUITests.xctest */ = {isa = PBXFileReference; explicitFileType = wrapper.cfbundle; includeInIndex = 0; path = WuLiuUITests.xctest; sourceTree = BUILT_PRODUCTS_DIR; };
		B469984521104CEA006A69E9 /* WuLiuUITests.m */ = {isa = PBXFileReference; lastKnownFileType = sourcecode.c.objc; path = WuLiuUITests.m; sourceTree = "<group>"; };
		B469984721104CEA006A69E9 /* Info.plist */ = {isa = PBXFileReference; lastKnownFileType = text.plist.xml; path = Info.plist; sourceTree = "<group>"; };
		B469985421104EDC006A69E9 /* data.json */ = {isa = PBXFileReference; fileEncoding = 4; lastKnownFileType = text.json; path = data.json; sourceTree = "<group>"; };
		B469985921104FAA006A69E9 /* WuliuModel.h */ = {isa = PBXFileReference; lastKnownFileType = sourcecode.c.h; path = WuliuModel.h; sourceTree = "<group>"; };
		B469985A21104FAA006A69E9 /* WuliuModel.m */ = {isa = PBXFileReference; lastKnownFileType = sourcecode.c.objc; path = WuliuModel.m; sourceTree = "<group>"; };
		B469985C211057CB006A69E9 /* WuliuCell.h */ = {isa = PBXFileReference; lastKnownFileType = sourcecode.c.h; path = WuliuCell.h; sourceTree = "<group>"; };
		B469985D211057CB006A69E9 /* WuliuCell.m */ = {isa = PBXFileReference; lastKnownFileType = sourcecode.c.objc; path = WuliuCell.m; sourceTree = "<group>"; };
		B469985F21105F2F006A69E9 /* UIView+Frame.h */ = {isa = PBXFileReference; fileEncoding = 4; lastKnownFileType = sourcecode.c.h; path = "UIView+Frame.h"; sourceTree = "<group>"; };
		B469986021105F2F006A69E9 /* UIView+Frame.m */ = {isa = PBXFileReference; fileEncoding = 4; lastKnownFileType = sourcecode.c.objc; path = "UIView+Frame.m"; sourceTree = "<group>"; };
		B469986421118788006A69E9 /* YYTextContainerView.h */ = {isa = PBXFileReference; fileEncoding = 4; lastKnownFileType = sourcecode.c.h; path = YYTextContainerView.h; sourceTree = "<group>"; };
		B469986521118788006A69E9 /* YYTextContainerView.m */ = {isa = PBXFileReference; fileEncoding = 4; lastKnownFileType = sourcecode.c.objc; path = YYTextContainerView.m; sourceTree = "<group>"; };
		B469986621118788006A69E9 /* YYTextDebugOption.h */ = {isa = PBXFileReference; fileEncoding = 4; lastKnownFileType = sourcecode.c.h; path = YYTextDebugOption.h; sourceTree = "<group>"; };
		B469986721118788006A69E9 /* YYTextDebugOption.m */ = {isa = PBXFileReference; fileEncoding = 4; lastKnownFileType = sourcecode.c.objc; path = YYTextDebugOption.m; sourceTree = "<group>"; };
		B469986821118788006A69E9 /* YYTextEffectWindow.h */ = {isa = PBXFileReference; fileEncoding = 4; lastKnownFileType = sourcecode.c.h; path = YYTextEffectWindow.h; sourceTree = "<group>"; };
		B469986921118788006A69E9 /* YYTextEffectWindow.m */ = {isa = PBXFileReference; fileEncoding = 4; lastKnownFileType = sourcecode.c.objc; path = YYTextEffectWindow.m; sourceTree = "<group>"; };
		B469986A21118788006A69E9 /* YYTextInput.h */ = {isa = PBXFileReference; fileEncoding = 4; lastKnownFileType = sourcecode.c.h; path = YYTextInput.h; sourceTree = "<group>"; };
		B469986B21118788006A69E9 /* YYTextInput.m */ = {isa = PBXFileReference; fileEncoding = 4; lastKnownFileType = sourcecode.c.objc; path = YYTextInput.m; sourceTree = "<group>"; };
		B469986C21118788006A69E9 /* YYTextKeyboardManager.h */ = {isa = PBXFileReference; fileEncoding = 4; lastKnownFileType = sourcecode.c.h; path = YYTextKeyboardManager.h; sourceTree = "<group>"; };
		B469986D21118788006A69E9 /* YYTextKeyboardManager.m */ = {isa = PBXFileReference; fileEncoding = 4; lastKnownFileType = sourcecode.c.objc; path = YYTextKeyboardManager.m; sourceTree = "<group>"; };
		B469986E21118788006A69E9 /* YYTextLayout.h */ = {isa = PBXFileReference; fileEncoding = 4; lastKnownFileType = sourcecode.c.h; path = YYTextLayout.h; sourceTree = "<group>"; };
		B469986F21118788006A69E9 /* YYTextLayout.m */ = {isa = PBXFileReference; fileEncoding = 4; lastKnownFileType = sourcecode.c.objc; path = YYTextLayout.m; sourceTree = "<group>"; };
		B469987021118788006A69E9 /* YYTextLine.h */ = {isa = PBXFileReference; fileEncoding = 4; lastKnownFileType = sourcecode.c.h; path = YYTextLine.h; sourceTree = "<group>"; };
		B469987121118788006A69E9 /* YYTextLine.m */ = {isa = PBXFileReference; fileEncoding = 4; lastKnownFileType = sourcecode.c.objc; path = YYTextLine.m; sourceTree = "<group>"; };
		B469987221118788006A69E9 /* YYTextMagnifier.h */ = {isa = PBXFileReference; fileEncoding = 4; lastKnownFileType = sourcecode.c.h; path = YYTextMagnifier.h; sourceTree = "<group>"; };
		B469987321118788006A69E9 /* YYTextMagnifier.m */ = {isa = PBXFileReference; fileEncoding = 4; lastKnownFileType = sourcecode.c.objc; path = YYTextMagnifier.m; sourceTree = "<group>"; };
		B469987421118788006A69E9 /* YYTextSelectionView.h */ = {isa = PBXFileReference; fileEncoding = 4; lastKnownFileType = sourcecode.c.h; path = YYTextSelectionView.h; sourceTree = "<group>"; };
		B469987521118788006A69E9 /* YYTextSelectionView.m */ = {isa = PBXFileReference; fileEncoding = 4; lastKnownFileType = sourcecode.c.objc; path = YYTextSelectionView.m; sourceTree = "<group>"; };
		B469987721118788006A69E9 /* YYTextArchiver.h */ = {isa = PBXFileReference; fileEncoding = 4; lastKnownFileType = sourcecode.c.h; path = YYTextArchiver.h; sourceTree = "<group>"; };
		B469987821118788006A69E9 /* YYTextArchiver.m */ = {isa = PBXFileReference; fileEncoding = 4; lastKnownFileType = sourcecode.c.objc; path = YYTextArchiver.m; sourceTree = "<group>"; };
		B469987921118788006A69E9 /* YYTextAttribute.h */ = {isa = PBXFileReference; fileEncoding = 4; lastKnownFileType = sourcecode.c.h; path = YYTextAttribute.h; sourceTree = "<group>"; };
		B469987A21118788006A69E9 /* YYTextAttribute.m */ = {isa = PBXFileReference; fileEncoding = 4; lastKnownFileType = sourcecode.c.objc; path = YYTextAttribute.m; sourceTree = "<group>"; };
		B469987B21118788006A69E9 /* YYTextParser.h */ = {isa = PBXFileReference; fileEncoding = 4; lastKnownFileType = sourcecode.c.h; path = YYTextParser.h; sourceTree = "<group>"; };
		B469987C21118788006A69E9 /* YYTextParser.m */ = {isa = PBXFileReference; fileEncoding = 4; lastKnownFileType = sourcecode.c.objc; path = YYTextParser.m; sourceTree = "<group>"; };
		B469987D21118788006A69E9 /* YYTextRubyAnnotation.h */ = {isa = PBXFileReference; fileEncoding = 4; lastKnownFileType = sourcecode.c.h; path = YYTextRubyAnnotation.h; sourceTree = "<group>"; };
		B469987E21118788006A69E9 /* YYTextRubyAnnotation.m */ = {isa = PBXFileReference; fileEncoding = 4; lastKnownFileType = sourcecode.c.objc; path = YYTextRubyAnnotation.m; sourceTree = "<group>"; };
		B469987F21118788006A69E9 /* YYTextRunDelegate.h */ = {isa = PBXFileReference; fileEncoding = 4; lastKnownFileType = sourcecode.c.h; path = YYTextRunDelegate.h; sourceTree = "<group>"; };
		B469988021118788006A69E9 /* YYTextRunDelegate.m */ = {isa = PBXFileReference; fileEncoding = 4; lastKnownFileType = sourcecode.c.objc; path = YYTextRunDelegate.m; sourceTree = "<group>"; };
		B469988221118788006A69E9 /* NSAttributedString+YYText.h */ = {isa = PBXFileReference; fileEncoding = 4; lastKnownFileType = sourcecode.c.h; path = "NSAttributedString+YYText.h"; sourceTree = "<group>"; };
		B469988321118788006A69E9 /* NSAttributedString+YYText.m */ = {isa = PBXFileReference; fileEncoding = 4; lastKnownFileType = sourcecode.c.objc; path = "NSAttributedString+YYText.m"; sourceTree = "<group>"; };
		B469988421118788006A69E9 /* NSParagraphStyle+YYText.h */ = {isa = PBXFileReference; fileEncoding = 4; lastKnownFileType = sourcecode.c.h; path = "NSParagraphStyle+YYText.h"; sourceTree = "<group>"; };
		B469988521118788006A69E9 /* NSParagraphStyle+YYText.m */ = {isa = PBXFileReference; fileEncoding = 4; lastKnownFileType = sourcecode.c.objc; path = "NSParagraphStyle+YYText.m"; sourceTree = "<group>"; };
		B469988621118788006A69E9 /* UIPasteboard+YYText.h */ = {isa = PBXFileReference; fileEncoding = 4; lastKnownFileType = sourcecode.c.h; path = "UIPasteboard+YYText.h"; sourceTree = "<group>"; };
		B469988721118788006A69E9 /* UIPasteboard+YYText.m */ = {isa = PBXFileReference; fileEncoding = 4; lastKnownFileType = sourcecode.c.objc; path = "UIPasteboard+YYText.m"; sourceTree = "<group>"; };
		B469988821118788006A69E9 /* UIView+YYText.h */ = {isa = PBXFileReference; fileEncoding = 4; lastKnownFileType = sourcecode.c.h; path = "UIView+YYText.h"; sourceTree = "<group>"; };
		B469988921118788006A69E9 /* UIView+YYText.m */ = {isa = PBXFileReference; fileEncoding = 4; lastKnownFileType = sourcecode.c.objc; path = "UIView+YYText.m"; sourceTree = "<group>"; };
		B469988A21118788006A69E9 /* YYTextAsyncLayer.h */ = {isa = PBXFileReference; fileEncoding = 4; lastKnownFileType = sourcecode.c.h; path = YYTextAsyncLayer.h; sourceTree = "<group>"; };
		B469988B21118788006A69E9 /* YYTextAsyncLayer.m */ = {isa = PBXFileReference; fileEncoding = 4; lastKnownFileType = sourcecode.c.objc; path = YYTextAsyncLayer.m; sourceTree = "<group>"; };
		B469988C21118788006A69E9 /* YYTextTransaction.h */ = {isa = PBXFileReference; fileEncoding = 4; lastKnownFileType = sourcecode.c.h; path = YYTextTransaction.h; sourceTree = "<group>"; };
		B469988D21118788006A69E9 /* YYTextTransaction.m */ = {isa = PBXFileReference; fileEncoding = 4; lastKnownFileType = sourcecode.c.objc; path = YYTextTransaction.m; sourceTree = "<group>"; };
		B469988E21118788006A69E9 /* YYTextUtilities.h */ = {isa = PBXFileReference; fileEncoding = 4; lastKnownFileType = sourcecode.c.h; path = YYTextUtilities.h; sourceTree = "<group>"; };
		B469988F21118788006A69E9 /* YYTextUtilities.m */ = {isa = PBXFileReference; fileEncoding = 4; lastKnownFileType = sourcecode.c.objc; path = YYTextUtilities.m; sourceTree = "<group>"; };
		B469989021118788006A69E9 /* YYTextWeakProxy.h */ = {isa = PBXFileReference; fileEncoding = 4; lastKnownFileType = sourcecode.c.h; path = YYTextWeakProxy.h; sourceTree = "<group>"; };
		B469989121118788006A69E9 /* YYTextWeakProxy.m */ = {isa = PBXFileReference; fileEncoding = 4; lastKnownFileType = sourcecode.c.objc; path = YYTextWeakProxy.m; sourceTree = "<group>"; };
		B469989221118788006A69E9 /* YYLabel.h */ = {isa = PBXFileReference; fileEncoding = 4; lastKnownFileType = sourcecode.c.h; path = YYLabel.h; sourceTree = "<group>"; };
		B469989321118788006A69E9 /* YYLabel.m */ = {isa = PBXFileReference; fileEncoding = 4; lastKnownFileType = sourcecode.c.objc; path = YYLabel.m; sourceTree = "<group>"; };
		B469989421118788006A69E9 /* YYText.h */ = {isa = PBXFileReference; fileEncoding = 4; lastKnownFileType = sourcecode.c.h; path = YYText.h; sourceTree = "<group>"; };
		B469989521118788006A69E9 /* YYTextView.h */ = {isa = PBXFileReference; fileEncoding = 4; lastKnownFileType = sourcecode.c.h; path = YYTextView.h; sourceTree = "<group>"; };
		B469989621118788006A69E9 /* YYTextView.m */ = {isa = PBXFileReference; fileEncoding = 4; lastKnownFileType = sourcecode.c.objc; path = YYTextView.m; sourceTree = "<group>"; };
/* End PBXFileReference section */

/* Begin PBXFrameworksBuildPhase section */
		B469981B21104CE1006A69E9 /* Frameworks */ = {
			isa = PBXFrameworksBuildPhase;
			buildActionMask = 2147483647;
			files = (
			);
			runOnlyForDeploymentPostprocessing = 0;
		};
		B469983321104CEA006A69E9 /* Frameworks */ = {
			isa = PBXFrameworksBuildPhase;
			buildActionMask = 2147483647;
			files = (
			);
			runOnlyForDeploymentPostprocessing = 0;
		};
		B469983E21104CEA006A69E9 /* Frameworks */ = {
			isa = PBXFrameworksBuildPhase;
			buildActionMask = 2147483647;
			files = (
			);
			runOnlyForDeploymentPostprocessing = 0;
		};
/* End PBXFrameworksBuildPhase section */

/* Begin PBXGroup section */
		B469981521104CE1006A69E9 = {
			isa = PBXGroup;
			children = (
				B469982021104CE1006A69E9 /* WuLiu */,
				B469983921104CEA006A69E9 /* WuLiuTests */,
				B469984421104CEA006A69E9 /* WuLiuUITests */,
				B469981F21104CE1006A69E9 /* Products */,
			);
			sourceTree = "<group>";
		};
		B469981F21104CE1006A69E9 /* Products */ = {
			isa = PBXGroup;
			children = (
				B469981E21104CE1006A69E9 /* WuLiu.app */,
				B469983621104CEA006A69E9 /* WuLiuTests.xctest */,
				B469984121104CEA006A69E9 /* WuLiuUITests.xctest */,
			);
			name = Products;
			sourceTree = "<group>";
		};
		B469982021104CE1006A69E9 /* WuLiu */ = {
			isa = PBXGroup;
			children = (
				B469986221118788006A69E9 /* YYText */,
				B469985F21105F2F006A69E9 /* UIView+Frame.h */,
				B469986021105F2F006A69E9 /* UIView+Frame.m */,
				B469982121104CE1006A69E9 /* AppDelegate.h */,
				B469982221104CE1006A69E9 /* AppDelegate.m */,
				B469982421104CE1006A69E9 /* ViewController.h */,
				B469982521104CE1006A69E9 /* ViewController.m */,
				B469985921104FAA006A69E9 /* WuliuModel.h */,
				B469985A21104FAA006A69E9 /* WuliuModel.m */,
				B469985C211057CB006A69E9 /* WuliuCell.h */,
				B469985D211057CB006A69E9 /* WuliuCell.m */,
				B469982721104CE1006A69E9 /* Main.storyboard */,
				B469982A21104CEA006A69E9 /* Assets.xcassets */,
				B469982C21104CEA006A69E9 /* LaunchScreen.storyboard */,
				B469982F21104CEA006A69E9 /* Info.plist */,
				B469985421104EDC006A69E9 /* data.json */,
				B469983021104CEA006A69E9 /* main.m */,
			);
			path = WuLiu;
			sourceTree = "<group>";
		};
		B469983921104CEA006A69E9 /* WuLiuTests */ = {
			isa = PBXGroup;
			children = (
				B469983A21104CEA006A69E9 /* WuLiuTests.m */,
				B469983C21104CEA006A69E9 /* Info.plist */,
			);
			path = WuLiuTests;
			sourceTree = "<group>";
		};
		B469984421104CEA006A69E9 /* WuLiuUITests */ = {
			isa = PBXGroup;
			children = (
				B469984521104CEA006A69E9 /* WuLiuUITests.m */,
				B469984721104CEA006A69E9 /* Info.plist */,
			);
			path = WuLiuUITests;
			sourceTree = "<group>";
		};
		B469986221118788006A69E9 /* YYText */ = {
			isa = PBXGroup;
			children = (
				B469986321118788006A69E9 /* Component */,
				B469987621118788006A69E9 /* String */,
				B469988121118788006A69E9 /* Utility */,
				B469989221118788006A69E9 /* YYLabel.h */,
				B469989321118788006A69E9 /* YYLabel.m */,
				B469989421118788006A69E9 /* YYText.h */,
				B469989521118788006A69E9 /* YYTextView.h */,
				B469989621118788006A69E9 /* YYTextView.m */,
			);
			path = YYText;
			sourceTree = "<group>";
		};
		B469986321118788006A69E9 /* Component */ = {
			isa = PBXGroup;
			children = (
				B469986421118788006A69E9 /* YYTextContainerView.h */,
				B469986521118788006A69E9 /* YYTextContainerView.m */,
				B469986621118788006A69E9 /* YYTextDebugOption.h */,
				B469986721118788006A69E9 /* YYTextDebugOption.m */,
				B469986821118788006A69E9 /* YYTextEffectWindow.h */,
				B469986921118788006A69E9 /* YYTextEffectWindow.m */,
				B469986A21118788006A69E9 /* YYTextInput.h */,
				B469986B21118788006A69E9 /* YYTextInput.m */,
				B469986C21118788006A69E9 /* YYTextKeyboardManager.h */,
				B469986D21118788006A69E9 /* YYTextKeyboardManager.m */,
				B469986E21118788006A69E9 /* YYTextLayout.h */,
				B469986F21118788006A69E9 /* YYTextLayout.m */,
				B469987021118788006A69E9 /* YYTextLine.h */,
				B469987121118788006A69E9 /* YYTextLine.m */,
				B469987221118788006A69E9 /* YYTextMagnifier.h */,
				B469987321118788006A69E9 /* YYTextMagnifier.m */,
				B469987421118788006A69E9 /* YYTextSelectionView.h */,
				B469987521118788006A69E9 /* YYTextSelectionView.m */,
			);
			path = Component;
			sourceTree = "<group>";
		};
		B469987621118788006A69E9 /* String */ = {
			isa = PBXGroup;
			children = (
				B469987721118788006A69E9 /* YYTextArchiver.h */,
				B469987821118788006A69E9 /* YYTextArchiver.m */,
				B469987921118788006A69E9 /* YYTextAttribute.h */,
				B469987A21118788006A69E9 /* YYTextAttribute.m */,
				B469987B21118788006A69E9 /* YYTextParser.h */,
				B469987C21118788006A69E9 /* YYTextParser.m */,
				B469987D21118788006A69E9 /* YYTextRubyAnnotation.h */,
				B469987E21118788006A69E9 /* YYTextRubyAnnotation.m */,
				B469987F21118788006A69E9 /* YYTextRunDelegate.h */,
				B469988021118788006A69E9 /* YYTextRunDelegate.m */,
			);
			path = String;
			sourceTree = "<group>";
		};
		B469988121118788006A69E9 /* Utility */ = {
			isa = PBXGroup;
			children = (
				B469988221118788006A69E9 /* NSAttributedString+YYText.h */,
				B469988321118788006A69E9 /* NSAttributedString+YYText.m */,
				B469988421118788006A69E9 /* NSParagraphStyle+YYText.h */,
				B469988521118788006A69E9 /* NSParagraphStyle+YYText.m */,
				B469988621118788006A69E9 /* UIPasteboard+YYText.h */,
				B469988721118788006A69E9 /* UIPasteboard+YYText.m */,
				B469988821118788006A69E9 /* UIView+YYText.h */,
				B469988921118788006A69E9 /* UIView+YYText.m */,
				B469988A21118788006A69E9 /* YYTextAsyncLayer.h */,
				B469988B21118788006A69E9 /* YYTextAsyncLayer.m */,
				B469988C21118788006A69E9 /* YYTextTransaction.h */,
				B469988D21118788006A69E9 /* YYTextTransaction.m */,
				B469988E21118788006A69E9 /* YYTextUtilities.h */,
				B469988F21118788006A69E9 /* YYTextUtilities.m */,
				B469989021118788006A69E9 /* YYTextWeakProxy.h */,
				B469989121118788006A69E9 /* YYTextWeakProxy.m */,
			);
			path = Utility;
			sourceTree = "<group>";
		};
/* End PBXGroup section */

/* Begin PBXNativeTarget section */
		B469981D21104CE1006A69E9 /* WuLiu */ = {
			isa = PBXNativeTarget;
			buildConfigurationList = B469984A21104CEA006A69E9 /* Build configuration list for PBXNativeTarget "WuLiu" */;
			buildPhases = (
				B469981A21104CE1006A69E9 /* Sources */,
				B469981B21104CE1006A69E9 /* Frameworks */,
				B469981C21104CE1006A69E9 /* Resources */,
			);
			buildRules = (
			);
			dependencies = (
			);
			name = WuLiu;
			productName = WuLiu;
			productReference = B469981E21104CE1006A69E9 /* WuLiu.app */;
			productType = "com.apple.product-type.application";
		};
		B469983521104CEA006A69E9 /* WuLiuTests */ = {
			isa = PBXNativeTarget;
			buildConfigurationList = B469984D21104CEA006A69E9 /* Build configuration list for PBXNativeTarget "WuLiuTests" */;
			buildPhases = (
				B469983221104CEA006A69E9 /* Sources */,
				B469983321104CEA006A69E9 /* Frameworks */,
				B469983421104CEA006A69E9 /* Resources */,
			);
			buildRules = (
			);
			dependencies = (
				B469983821104CEA006A69E9 /* PBXTargetDependency */,
			);
			name = WuLiuTests;
			productName = WuLiuTests;
			productReference = B469983621104CEA006A69E9 /* WuLiuTests.xctest */;
			productType = "com.apple.product-type.bundle.unit-test";
		};
		B469984021104CEA006A69E9 /* WuLiuUITests */ = {
			isa = PBXNativeTarget;
			buildConfigurationList = B469985021104CEA006A69E9 /* Build configuration list for PBXNativeTarget "WuLiuUITests" */;
			buildPhases = (
				B469983D21104CEA006A69E9 /* Sources */,
				B469983E21104CEA006A69E9 /* Frameworks */,
				B469983F21104CEA006A69E9 /* Resources */,
			);
			buildRules = (
			);
			dependencies = (
				B469984321104CEA006A69E9 /* PBXTargetDependency */,
			);
			name = WuLiuUITests;
			productName = WuLiuUITests;
			productReference = B469984121104CEA006A69E9 /* WuLiuUITests.xctest */;
			productType = "com.apple.product-type.bundle.ui-testing";
		};
/* End PBXNativeTarget section */

/* Begin PBXProject section */
		B469981621104CE1006A69E9 /* Project object */ = {
			isa = PBXProject;
			attributes = {
				LastUpgradeCheck = 0940;
				ORGANIZATIONNAME = Sekorm;
				TargetAttributes = {
					B469981D21104CE1006A69E9 = {
						CreatedOnToolsVersion = 9.4.1;
					};
					B469983521104CEA006A69E9 = {
						CreatedOnToolsVersion = 9.4.1;
						TestTargetID = B469981D21104CE1006A69E9;
					};
					B469984021104CEA006A69E9 = {
						CreatedOnToolsVersion = 9.4.1;
						TestTargetID = B469981D21104CE1006A69E9;
					};
				};
			};
			buildConfigurationList = B469981921104CE1006A69E9 /* Build configuration list for PBXProject "WuLiu" */;
			compatibilityVersion = "Xcode 9.3";
			developmentRegion = en;
			hasScannedForEncodings = 0;
			knownRegions = (
				en,
				Base,
			);
			mainGroup = B469981521104CE1006A69E9;
			productRefGroup = B469981F21104CE1006A69E9 /* Products */;
			projectDirPath = "";
			projectRoot = "";
			targets = (
				B469981D21104CE1006A69E9 /* WuLiu */,
				B469983521104CEA006A69E9 /* WuLiuTests */,
				B469984021104CEA006A69E9 /* WuLiuUITests */,
			);
		};
/* End PBXProject section */

/* Begin PBXResourcesBuildPhase section */
		B469981C21104CE1006A69E9 /* Resources */ = {
			isa = PBXResourcesBuildPhase;
			buildActionMask = 2147483647;
			files = (
				B469982E21104CEA006A69E9 /* LaunchScreen.storyboard in Resources */,
				B469982B21104CEA006A69E9 /* Assets.xcassets in Resources */,
				B469982921104CE1006A69E9 /* Main.storyboard in Resources */,
				B469985521104EDC006A69E9 /* data.json in Resources */,
			);
			runOnlyForDeploymentPostprocessing = 0;
		};
		B469983421104CEA006A69E9 /* Resources */ = {
			isa = PBXResourcesBuildPhase;
			buildActionMask = 2147483647;
			files = (
			);
			runOnlyForDeploymentPostprocessing = 0;
		};
		B469983F21104CEA006A69E9 /* Resources */ = {
			isa = PBXResourcesBuildPhase;
			buildActionMask = 2147483647;
			files = (
			);
			runOnlyForDeploymentPostprocessing = 0;
		};
/* End PBXResourcesBuildPhase section */

/* Begin PBXSourcesBuildPhase section */
		B469981A21104CE1006A69E9 /* Sources */ = {
			isa = PBXSourcesBuildPhase;
			buildActionMask = 2147483647;
			files = (
				B469986121105F2F006A69E9 /* UIView+Frame.m in Sources */,
				B46998AC21118789006A69E9 /* YYTextWeakProxy.m in Sources */,
				B46998A221118789006A69E9 /* YYTextParser.m in Sources */,
				B469989E21118789006A69E9 /* YYTextMagnifier.m in Sources */,
				B469985E211057CB006A69E9 /* WuliuCell.m in Sources */,
				B46998A321118789006A69E9 /* YYTextRubyAnnotation.m in Sources */,
				B469989D21118789006A69E9 /* YYTextLine.m in Sources */,
				B46998AE21118789006A69E9 /* YYTextView.m in Sources */,
				B469989921118789006A69E9 /* YYTextEffectWindow.m in Sources */,
				B469989B21118789006A69E9 /* YYTextKeyboardManager.m in Sources */,
				B46998A621118789006A69E9 /* NSParagraphStyle+YYText.m in Sources */,
				B46998A021118789006A69E9 /* YYTextArchiver.m in Sources */,
				B46998A921118789006A69E9 /* YYTextAsyncLayer.m in Sources */,
				B46998A421118789006A69E9 /* YYTextRunDelegate.m in Sources */,
				B469982621104CE1006A69E9 /* ViewController.m in Sources */,
				B46998A721118789006A69E9 /* UIPasteboard+YYText.m in Sources */,
				B46998A821118789006A69E9 /* UIView+YYText.m in Sources */,
				B46998AA21118789006A69E9 /* YYTextTransaction.m in Sources */,
				B469989F21118789006A69E9 /* YYTextSelectionView.m in Sources */,
				B46998AD21118789006A69E9 /* YYLabel.m in Sources */,
				B46998A121118789006A69E9 /* YYTextAttribute.m in Sources */,
				B469989721118789006A69E9 /* YYTextContainerView.m in Sources */,
				B469989C21118789006A69E9 /* YYTextLayout.m in Sources */,
				B469989A21118789006A69E9 /* YYTextInput.m in Sources */,
				B46998A521118789006A69E9 /* NSAttributedString+YYText.m in Sources */,
				B469983121104CEA006A69E9 /* main.m in Sources */,
				B469989821118789006A69E9 /* YYTextDebugOption.m in Sources */,
				B46998AB21118789006A69E9 /* YYTextUtilities.m in Sources */,
				B469985B21104FAA006A69E9 /* WuliuModel.m in Sources */,
				B469982321104CE1006A69E9 /* AppDelegate.m in Sources */,
			);
			runOnlyForDeploymentPostprocessing = 0;
		};
		B469983221104CEA006A69E9 /* Sources */ = {
			isa = PBXSourcesBuildPhase;
			buildActionMask = 2147483647;
			files = (
				B469983B21104CEA006A69E9 /* WuLiuTests.m in Sources */,
			);
			runOnlyForDeploymentPostprocessing = 0;
		};
		B469983D21104CEA006A69E9 /* Sources */ = {
			isa = PBXSourcesBuildPhase;
			buildActionMask = 2147483647;
			files = (
				B469984621104CEA006A69E9 /* WuLiuUITests.m in Sources */,
			);
			runOnlyForDeploymentPostprocessing = 0;
		};
/* End PBXSourcesBuildPhase section */

/* Begin PBXTargetDependency section */
		B469983821104CEA006A69E9 /* PBXTargetDependency */ = {
			isa = PBXTargetDependency;
			target = B469981D21104CE1006A69E9 /* WuLiu */;
			targetProxy = B469983721104CEA006A69E9 /* PBXContainerItemProxy */;
		};
		B469984321104CEA006A69E9 /* PBXTargetDependency */ = {
			isa = PBXTargetDependency;
			target = B469981D21104CE1006A69E9 /* WuLiu */;
			targetProxy = B469984221104CEA006A69E9 /* PBXContainerItemProxy */;
		};
/* End PBXTargetDependency section */

/* Begin PBXVariantGroup section */
		B469982721104CE1006A69E9 /* Main.storyboard */ = {
			isa = PBXVariantGroup;
			children = (
				B469982821104CE1006A69E9 /* Base */,
			);
			name = Main.storyboard;
			sourceTree = "<group>";
		};
		B469982C21104CEA006A69E9 /* LaunchScreen.storyboard */ = {
			isa = PBXVariantGroup;
			children = (
				B469982D21104CEA006A69E9 /* Base */,
			);
			name = LaunchScreen.storyboard;
			sourceTree = "<group>";
		};
/* End PBXVariantGroup section */

/* Begin XCBuildConfiguration section */
		B469984821104CEA006A69E9 /* Debug */ = {
			isa = XCBuildConfiguration;
			buildSettings = {
				ALWAYS_SEARCH_USER_PATHS = NO;
				CLANG_ANALYZER_NONNULL = YES;
				CLANG_ANALYZER_NUMBER_OBJECT_CONVERSION = YES_AGGRESSIVE;
				CLANG_CXX_LANGUAGE_STANDARD = "gnu++14";
				CLANG_CXX_LIBRARY = "libc++";
				CLANG_ENABLE_MODULES = YES;
				CLANG_ENABLE_OBJC_ARC = YES;
				CLANG_ENABLE_OBJC_WEAK = YES;
				CLANG_WARN_BLOCK_CAPTURE_AUTORELEASING = YES;
				CLANG_WARN_BOOL_CONVERSION = YES;
				CLANG_WARN_COMMA = YES;
				CLANG_WARN_CONSTANT_CONVERSION = YES;
				CLANG_WARN_DEPRECATED_OBJC_IMPLEMENTATIONS = YES;
				CLANG_WARN_DIRECT_OBJC_ISA_USAGE = YES_ERROR;
				CLANG_WARN_DOCUMENTATION_COMMENTS = YES;
				CLANG_WARN_EMPTY_BODY = YES;
				CLANG_WARN_ENUM_CONVERSION = YES;
				CLANG_WARN_INFINITE_RECURSION = YES;
				CLANG_WARN_INT_CONVERSION = YES;
				CLANG_WARN_NON_LITERAL_NULL_CONVERSION = YES;
				CLANG_WARN_OBJC_IMPLICIT_RETAIN_SELF = YES;
				CLANG_WARN_OBJC_LITERAL_CONVERSION = YES;
				CLANG_WARN_OBJC_ROOT_CLASS = YES_ERROR;
				CLANG_WARN_RANGE_LOOP_ANALYSIS = YES;
				CLANG_WARN_STRICT_PROTOTYPES = YES;
				CLANG_WARN_SUSPICIOUS_MOVE = YES;
				CLANG_WARN_UNGUARDED_AVAILABILITY = YES_AGGRESSIVE;
				CLANG_WARN_UNREACHABLE_CODE = YES;
				CLANG_WARN__DUPLICATE_METHOD_MATCH = YES;
				CODE_SIGN_IDENTITY = "iPhone Developer";
				COPY_PHASE_STRIP = NO;
				DEBUG_INFORMATION_FORMAT = dwarf;
				ENABLE_STRICT_OBJC_MSGSEND = YES;
				ENABLE_TESTABILITY = YES;
				GCC_C_LANGUAGE_STANDARD = gnu11;
				GCC_DYNAMIC_NO_PIC = NO;
				GCC_NO_COMMON_BLOCKS = YES;
				GCC_OPTIMIZATION_LEVEL = 0;
				GCC_PREPROCESSOR_DEFINITIONS = (
					"DEBUG=1",
					"$(inherited)",
				);
				GCC_WARN_64_TO_32_BIT_CONVERSION = YES;
				GCC_WARN_ABOUT_RETURN_TYPE = YES_ERROR;
				GCC_WARN_UNDECLARED_SELECTOR = YES;
				GCC_WARN_UNINITIALIZED_AUTOS = YES_AGGRESSIVE;
				GCC_WARN_UNUSED_FUNCTION = YES;
				GCC_WARN_UNUSED_VARIABLE = YES;
				IPHONEOS_DEPLOYMENT_TARGET = 9.0;
				MTL_ENABLE_DEBUG_INFO = YES;
				ONLY_ACTIVE_ARCH = YES;
				SDKROOT = iphoneos;
			};
			name = Debug;
		};
		B469984921104CEA006A69E9 /* Release */ = {
			isa = XCBuildConfiguration;
			buildSettings = {
				ALWAYS_SEARCH_USER_PATHS = NO;
				CLANG_ANALYZER_NONNULL = YES;
				CLANG_ANALYZER_NUMBER_OBJECT_CONVERSION = YES_AGGRESSIVE;
				CLANG_CXX_LANGUAGE_STANDARD = "gnu++14";
				CLANG_CXX_LIBRARY = "libc++";
				CLANG_ENABLE_MODULES = YES;
				CLANG_ENABLE_OBJC_ARC = YES;
				CLANG_ENABLE_OBJC_WEAK = YES;
				CLANG_WARN_BLOCK_CAPTURE_AUTORELEASING = YES;
				CLANG_WARN_BOOL_CONVERSION = YES;
				CLANG_WARN_COMMA = YES;
				CLANG_WARN_CONSTANT_CONVERSION = YES;
				CLANG_WARN_DEPRECATED_OBJC_IMPLEMENTATIONS = YES;
				CLANG_WARN_DIRECT_OBJC_ISA_USAGE = YES_ERROR;
				CLANG_WARN_DOCUMENTATION_COMMENTS = YES;
				CLANG_WARN_EMPTY_BODY = YES;
				CLANG_WARN_ENUM_CONVERSION = YES;
				CLANG_WARN_INFINITE_RECURSION = YES;
				CLANG_WARN_INT_CONVERSION = YES;
				CLANG_WARN_NON_LITERAL_NULL_CONVERSION = YES;
				CLANG_WARN_OBJC_IMPLICIT_RETAIN_SELF = YES;
				CLANG_WARN_OBJC_LITERAL_CONVERSION = YES;
				CLANG_WARN_OBJC_ROOT_CLASS = YES_ERROR;
				CLANG_WARN_RANGE_LOOP_ANALYSIS = YES;
				CLANG_WARN_STRICT_PROTOTYPES = YES;
				CLANG_WARN_SUSPICIOUS_MOVE = YES;
				CLANG_WARN_UNGUARDED_AVAILABILITY = YES_AGGRESSIVE;
				CLANG_WARN_UNREACHABLE_CODE = YES;
				CLANG_WARN__DUPLICATE_METHOD_MATCH = YES;
				CODE_SIGN_IDENTITY = "iPhone Developer";
				COPY_PHASE_STRIP = NO;
				DEBUG_INFORMATION_FORMAT = "dwarf-with-dsym";
				ENABLE_NS_ASSERTIONS = NO;
				ENABLE_STRICT_OBJC_MSGSEND = YES;
				GCC_C_LANGUAGE_STANDARD = gnu11;
				GCC_NO_COMMON_BLOCKS = YES;
				GCC_WARN_64_TO_32_BIT_CONVERSION = YES;
				GCC_WARN_ABOUT_RETURN_TYPE = YES_ERROR;
				GCC_WARN_UNDECLARED_SELECTOR = YES;
				GCC_WARN_UNINITIALIZED_AUTOS = YES_AGGRESSIVE;
				GCC_WARN_UNUSED_FUNCTION = YES;
				GCC_WARN_UNUSED_VARIABLE = YES;
				IPHONEOS_DEPLOYMENT_TARGET = 9.0;
				MTL_ENABLE_DEBUG_INFO = NO;
				SDKROOT = iphoneos;
				VALIDATE_PRODUCT = YES;
			};
			name = Release;
		};
		B469984B21104CEA006A69E9 /* Debug */ = {
			isa = XCBuildConfiguration;
			buildSettings = {
				ASSETCATALOG_COMPILER_APPICON_NAME = AppIcon;
				CODE_SIGN_STYLE = Automatic;
				DEVELOPMENT_TEAM = W55448EFBF;
				INFOPLIST_FILE = WuLiu/Info.plist;
				LD_RUNPATH_SEARCH_PATHS = (
					"$(inherited)",
					"@executable_path/Frameworks",
				);
				PRODUCT_BUNDLE_IDENTIFIER = helloyeah.WuLiu;
				PRODUCT_NAME = "$(TARGET_NAME)";
				TARGETED_DEVICE_FAMILY = "1,2";
			};
			name = Debug;
		};
		B469984C21104CEA006A69E9 /* Release */ = {
			isa = XCBuildConfiguration;
			buildSettings = {
				ASSETCATALOG_COMPILER_APPICON_NAME = AppIcon;
				CODE_SIGN_STYLE = Automatic;
				DEVELOPMENT_TEAM = W55448EFBF;
				INFOPLIST_FILE = WuLiu/Info.plist;
				LD_RUNPATH_SEARCH_PATHS = (
					"$(inherited)",
					"@executable_path/Frameworks",
				);
				PRODUCT_BUNDLE_IDENTIFIER = helloyeah.WuLiu;
				PRODUCT_NAME = "$(TARGET_NAME)";
				TARGETED_DEVICE_FAMILY = "1,2";
			};
			name = Release;
		};
		B469984E21104CEA006A69E9 /* Debug */ = {
			isa = XCBuildConfiguration;
			buildSettings = {
				BUNDLE_LOADER = "$(TEST_HOST)";
				CODE_SIGN_STYLE = Automatic;
				DEVELOPMENT_TEAM = W55448EFBF;
				INFOPLIST_FILE = WuLiuTests/Info.plist;
				LD_RUNPATH_SEARCH_PATHS = (
					"$(inherited)",
					"@executable_path/Frameworks",
					"@loader_path/Frameworks",
				);
				PRODUCT_BUNDLE_IDENTIFIER = helloyeah.WuLiuTests;
				PRODUCT_NAME = "$(TARGET_NAME)";
				TARGETED_DEVICE_FAMILY = "1,2";
				TEST_HOST = "$(BUILT_PRODUCTS_DIR)/WuLiu.app/WuLiu";
			};
			name = Debug;
		};
		B469984F21104CEA006A69E9 /* Release */ = {
			isa = XCBuildConfiguration;
			buildSettings = {
				BUNDLE_LOADER = "$(TEST_HOST)";
				CODE_SIGN_STYLE = Automatic;
				DEVELOPMENT_TEAM = W55448EFBF;
				INFOPLIST_FILE = WuLiuTests/Info.plist;
				LD_RUNPATH_SEARCH_PATHS = (
					"$(inherited)",
					"@executable_path/Frameworks",
					"@loader_path/Frameworks",
				);
				PRODUCT_BUNDLE_IDENTIFIER = helloyeah.WuLiuTests;
				PRODUCT_NAME = "$(TARGET_NAME)";
				TARGETED_DEVICE_FAMILY = "1,2";
				TEST_HOST = "$(BUILT_PRODUCTS_DIR)/WuLiu.app/WuLiu";
			};
			name = Release;
		};
		B469985121104CEA006A69E9 /* Debug */ = {
			isa = XCBuildConfiguration;
			buildSettings = {
				CODE_SIGN_STYLE = Automatic;
				DEVELOPMENT_TEAM = W55448EFBF;
				INFOPLIST_FILE = WuLiuUITests/Info.plist;
				LD_RUNPATH_SEARCH_PATHS = (
					"$(inherited)",
					"@executable_path/Frameworks",
					"@loader_path/Frameworks",
				);
				PRODUCT_BUNDLE_IDENTIFIER = helloyeah.WuLiuUITests;
				PRODUCT_NAME = "$(TARGET_NAME)";
				TARGETED_DEVICE_FAMILY = "1,2";
				TEST_TARGET_NAME = WuLiu;
			};
			name = Debug;
		};
		B469985221104CEA006A69E9 /* Release */ = {
			isa = XCBuildConfiguration;
			buildSettings = {
				CODE_SIGN_STYLE = Automatic;
				DEVELOPMENT_TEAM = W55448EFBF;
				INFOPLIST_FILE = WuLiuUITests/Info.plist;
				LD_RUNPATH_SEARCH_PATHS = (
					"$(inherited)",
					"@executable_path/Frameworks",
					"@loader_path/Frameworks",
				);
				PRODUCT_BUNDLE_IDENTIFIER = helloyeah.WuLiuUITests;
				PRODUCT_NAME = "$(TARGET_NAME)";
				TARGETED_DEVICE_FAMILY = "1,2";
				TEST_TARGET_NAME = WuLiu;
			};
			name = Release;
		};
/* End XCBuildConfiguration section */

/* Begin XCConfigurationList section */
		B469981921104CE1006A69E9 /* Build configuration list for PBXProject "WuLiu" */ = {
			isa = XCConfigurationList;
			buildConfigurations = (
				B469984821104CEA006A69E9 /* Debug */,
				B469984921104CEA006A69E9 /* Release */,
			);
			defaultConfigurationIsVisible = 0;
			defaultConfigurationName = Release;
		};
		B469984A21104CEA006A69E9 /* Build configuration list for PBXNativeTarget "WuLiu" */ = {
			isa = XCConfigurationList;
			buildConfigurations = (
				B469984B21104CEA006A69E9 /* Debug */,
				B469984C21104CEA006A69E9 /* Release */,
			);
			defaultConfigurationIsVisible = 0;
			defaultConfigurationName = Release;
		};
		B469984D21104CEA006A69E9 /* Build configuration list for PBXNativeTarget "WuLiuTests" */ = {
			isa = XCConfigurationList;
			buildConfigurations = (
				B469984E21104CEA006A69E9 /* Debug */,
				B469984F21104CEA006A69E9 /* Release */,
			);
			defaultConfigurationIsVisible = 0;
			defaultConfigurationName = Release;
		};
		B469985021104CEA006A69E9 /* Build configuration list for PBXNativeTarget "WuLiuUITests" */ = {
			isa = XCConfigurationList;
			buildConfigurations = (
				B469985121104CEA006A69E9 /* Debug */,
				B469985221104CEA006A69E9 /* Release */,
			);
			defaultConfigurationIsVisible = 0;
			defaultConfigurationName = Release;
		};
/* End XCConfigurationList section */
	};
	rootObject = B469981621104CE1006A69E9 /* Project object */;
}
